
Microsoft Visual Studio Solution File, Format Version 12.00
# Visual Studio 15
VisualStudioVersion = 15.0.28307.329
MinimumVisualStudioVersion = 10.0.40219.1
Project("{FAE04EC0-301F-11D3-BF4B-00C04F79EFBC}") = "Extension", "Extension\Extension.csproj", "{178D98B9-126E-4DD5-A4E3-B3B409308B77}"
EndProject
Project("{FAE04EC0-301F-11D3-BF4B-00C04F79EFBC}") = "Extension_02", "Extension_02\Extension_02.csproj", "{2B75A1EE-AF04-4082-8A27-77BC26F4A11E}"
EndProject
Project("{FAE04EC0-301F-11D3-BF4B-00C04F79EFBC}") = "Extension_03", "Extension_03\Extension_03.csproj", "{D22D1E68-CEE9-41FF-9D07-1828CA175267}"
EndProject
Project("{FAE04EC0-301F-11D3-BF4B-00C04F79EFBC}") = "Extension_04", "Extension_04\Extension_04.csproj", "{4B46B7FE-C8CA-4BB9-BB04-03CC1E04EEA6}"
EndProject
Global
	GlobalSection(SolutionConfigurationPlatforms) = preSolution
		Debug|Any CPU = Debug|Any CPU
		Release|Any CPU = Release|Any CPU
	EndGlobalSection
	GlobalSection(ProjectConfigurationPlatforms) = postSolution
		{178D98B9-126E-4DD5-A4E3-B3B409308B77}.Debug|Any CPU.ActiveCfg = Debug|Any CPU
		{178D98B9-126E-4DD5-A4E3-B3B409308B77}.Debug|Any CPU.Build.0 = Debug|Any CPU
		{178D98B9-126E-4DD5-A4E3-B3B409308B77}.Release|Any CPU.ActiveCfg = Release|Any CPU
		{178D98B9-126E-4DD5-A4E3-B3B409308B77}.Release|Any CPU.Build.0 = Release|Any CPU
		{2B75A1EE-AF04-4082-8A27-77BC26F4A11E}.Debug|Any CPU.ActiveCfg = Debug|Any CPU
		{2B75A1EE-AF04-4082-8A27-77BC26F4A11E}.Debug|Any CPU.Build.0 = Debug|Any CPU
		{2B75A1EE-AF04-4082-8A27-77BC26F4A11E}.Release|Any CPU.ActiveCfg = Release|Any CPU
		{2B75A1EE-AF04-4082-8A27-77BC26F4A11E}.Release|Any CPU.Build.0 = Release|Any CPU
		{D22D1E68-CEE9-41FF-9D07-1828CA175267}.Debug|Any CPU.ActiveCfg = Debug|Any CPU
		{D22D1E68-CEE9-41FF-9D07-1828CA175267}.Debug|Any CPU.Build.0 = Debug|Any CPU
		{D22D1E68-CEE9-41FF-9D07-1828CA175267}.Release|Any CPU.ActiveCfg = Release|Any CPU
		{D22D1E68-CEE9-41FF-9D07-1828CA175267}.Release|Any CPU.Build.0 = Release|Any CPU
		{4B46B7FE-C8CA-4BB9-BB04-03CC1E04EEA6}.Debug|Any CPU.ActiveCfg = Debug|Any CPU
		{4B46B7FE-C8CA-4BB9-BB04-03CC1E04EEA6}.Debug|Any CPU.Build.0 = Debug|Any CPU
		{4B46B7FE-C8CA-4BB9-BB04-03CC1E04EEA6}.Release|Any CPU.ActiveCfg = Release|Any CPU
		{4B46B7FE-C8CA-4BB9-BB04-03CC1E04EEA6}.Release|Any CPU.Build.0 = Release|Any CPU
	EndGlobalSection
	GlobalSection(SolutionProperties) = preSolution
		HideSolutionNode = FALSE
	EndGlobalSection
	GlobalSection(ExtensibilityGlobals) = postSolution
		SolutionGuid = {0ECB9707-E9DA-4E73-AB7A-E5D54CDD9E3A}
	EndGlobalSection
EndGlobal
